
Microsoft Visual Studio Solution File, Format Version 12.00
# Visual Studio Version 17
VisualStudioVersion = 17.0.31903.59
MinimumVisualStudioVersion = 10.0.40219.1
Project("{2150E333-8FDC-42A3-9474-1A3956D46DE8}") = "tests", "tests", "{17FE99FB-44B2-4227-ABBF-8FB5A6E0C0C5}"
EndProject
Project("{FAE04EC0-301F-11D3-BF4B-00C04F79EFBC}") = "EventManager.Tests", "tests\EventManager.Tests\EventManager.Tests.csproj", "{10720178-EE47-4976-BA15-D2A9EACB4806}"
EndProject
Project("{FAE04EC0-301F-11D3-BF4B-00C04F79EFBC}") = "EventApi.IntegrationTests", "tests\EventApi.IntegrationTests\EventApi.IntegrationTests.csproj", "{0B19385E-AD8D-4C5E-8DB1-215AF5BFFC9D}"
EndProject
Project("{FAE04EC0-301F-11D3-BF4B-00C04F79EFBC}") = "Users", "Users\Users.csproj", "{56A445F7-70B3-43F2-B94B-B02DAFF2A046}"
EndProject
Project("{FAE04EC0-301F-11D3-BF4B-00C04F79EFBC}") = "Contracts", "Contracts\Contracts.csproj", "{166095BC-925B-4D8A-A61A-09BAF1E7A4A8}"
EndProject
Project("{FAE04EC0-301F-11D3-BF4B-00C04F79EFBC}") = "Events", "Events\Events.csproj", "{12B48C0C-F07A-4328-AC99-D4F0B4D898D1}"
EndProject
Project("{FAE04EC0-301F-11D3-BF4B-00C04F79EFBC}") = "Bookings", "Bookings\Bookings.csproj", "{FD11D2AB-4638-4180-9482-A247F606823B}"
EndProject
Global
	GlobalSection(SolutionConfigurationPlatforms) = preSolution
		Debug|Any CPU = Debug|Any CPU
		Release|Any CPU = Release|Any CPU
	EndGlobalSection
	GlobalSection(SolutionProperties) = preSolution
		HideSolutionNode = FALSE
	EndGlobalSection
	GlobalSection(ProjectConfigurationPlatforms) = postSolution
		{10720178-EE47-4976-BA15-D2A9EACB4806}.Debug|Any CPU.ActiveCfg = Debug|Any CPU
		{10720178-EE47-4976-BA15-D2A9EACB4806}.Debug|Any CPU.Build.0 = Debug|Any CPU
		{10720178-EE47-4976-BA15-D2A9EACB4806}.Release|Any CPU.ActiveCfg = Release|Any CPU
		{10720178-EE47-4976-BA15-D2A9EACB4806}.Release|Any CPU.Build.0 = Release|Any CPU
		{0B19385E-AD8D-4C5E-8DB1-215AF5BFFC9D}.Debug|Any CPU.ActiveCfg = Debug|Any CPU
		{0B19385E-AD8D-4C5E-8DB1-215AF5BFFC9D}.Debug|Any CPU.Build.0 = Debug|Any CPU
		{0B19385E-AD8D-4C5E-8DB1-215AF5BFFC9D}.Release|Any CPU.ActiveCfg = Release|Any CPU
		{0B19385E-AD8D-4C5E-8DB1-215AF5BFFC9D}.Release|Any CPU.Build.0 = Release|Any CPU
		{56A445F7-70B3-43F2-B94B-B02DAFF2A046}.Debug|Any CPU.ActiveCfg = Debug|Any CPU
		{56A445F7-70B3-43F2-B94B-B02DAFF2A046}.Debug|Any CPU.Build.0 = Debug|Any CPU
		{56A445F7-70B3-43F2-B94B-B02DAFF2A046}.Release|Any CPU.ActiveCfg = Release|Any CPU
		{56A445F7-70B3-43F2-B94B-B02DAFF2A046}.Release|Any CPU.Build.0 = Release|Any CPU
		{166095BC-925B-4D8A-A61A-09BAF1E7A4A8}.Debug|Any CPU.ActiveCfg = Debug|Any CPU
		{166095BC-925B-4D8A-A61A-09BAF1E7A4A8}.Debug|Any CPU.Build.0 = Debug|Any CPU
		{166095BC-925B-4D8A-A61A-09BAF1E7A4A8}.Release|Any CPU.ActiveCfg = Release|Any CPU
		{166095BC-925B-4D8A-A61A-09BAF1E7A4A8}.Release|Any CPU.Build.0 = Release|Any CPU
		{12B48C0C-F07A-4328-AC99-D4F0B4D898D1}.Debug|Any CPU.ActiveCfg = Debug|Any CPU
		{12B48C0C-F07A-4328-AC99-D4F0B4D898D1}.Debug|Any CPU.Build.0 = Debug|Any CPU
		{12B48C0C-F07A-4328-AC99-D4F0B4D898D1}.Release|Any CPU.ActiveCfg = Release|Any CPU
		{12B48C0C-F07A-4328-AC99-D4F0B4D898D1}.Release|Any CPU.Build.0 = Release|Any CPU
		{FD11D2AB-4638-4180-9482-A247F606823B}.Debug|Any CPU.ActiveCfg = Debug|Any CPU
		{FD11D2AB-4638-4180-9482-A247F606823B}.Debug|Any CPU.Build.0 = Debug|Any CPU
		{FD11D2AB-4638-4180-9482-A247F606823B}.Release|Any CPU.ActiveCfg = Release|Any CPU
		{FD11D2AB-4638-4180-9482-A247F606823B}.Release|Any CPU.Build.0 = Release|Any CPU
	EndGlobalSection
	GlobalSection(NestedProjects) = preSolution
		{10720178-EE47-4976-BA15-D2A9EACB4806} = {17FE99FB-44B2-4227-ABBF-8FB5A6E0C0C5}
		{0B19385E-AD8D-4C5E-8DB1-215AF5BFFC9D} = {17FE99FB-44B2-4227-ABBF-8FB5A6E0C0C5}
	EndGlobalSection
EndGlobal
