
Microsoft Visual Studio Solution File, Format Version 12.00
# Visual Studio Version 17
VisualStudioVersion = 17.0.31903.59
MinimumVisualStudioVersion = 10.0.40219.1
Project("{FAE04EC0-301F-11D3-BF4B-00C04F79EFBC}") = "EventManager", "EventManager\EventManager.csproj", "{90F058DA-CFE0-46E7-91CC-4D431A1BD481}"
EndProject
Project("{2150E333-8FDC-42A3-9474-1A3956D46DE8}") = "tests", "tests", "{17FE99FB-44B2-4227-ABBF-8FB5A6E0C0C5}"
EndProject
Project("{FAE04EC0-301F-11D3-BF4B-00C04F79EFBC}") = "EventManager.Tests", "tests\EventManager.Tests\EventManager.Tests.csproj", "{10720178-EE47-4976-BA15-D2A9EACB4806}"
EndProject
Project("{FAE04EC0-301F-11D3-BF4B-00C04F79EFBC}") = "EventApi.IntegrationTests", "tests\EventApi.IntegrationTests\EventApi.IntegrationTests.csproj", "{0B19385E-AD8D-4C5E-8DB1-215AF5BFFC9D}"
EndProject
Global
	GlobalSection(SolutionConfigurationPlatforms) = preSolution
		Debug|Any CPU = Debug|Any CPU
		Release|Any CPU = Release|Any CPU
	EndGlobalSection
	GlobalSection(SolutionProperties) = preSolution
		HideSolutionNode = FALSE
	EndGlobalSection
	GlobalSection(ProjectConfigurationPlatforms) = postSolution
		{90F058DA-CFE0-46E7-91CC-4D431A1BD481}.Debug|Any CPU.ActiveCfg = Debug|Any CPU
		{90F058DA-CFE0-46E7-91CC-4D431A1BD481}.Debug|Any CPU.Build.0 = Debug|Any CPU
		{90F058DA-CFE0-46E7-91CC-4D431A1BD481}.Release|Any CPU.ActiveCfg = Release|Any CPU
		{90F058DA-CFE0-46E7-91CC-4D431A1BD481}.Release|Any CPU.Build.0 = Release|Any CPU
		{10720178-EE47-4976-BA15-D2A9EACB4806}.Debug|Any CPU.ActiveCfg = Debug|Any CPU
		{10720178-EE47-4976-BA15-D2A9EACB4806}.Debug|Any CPU.Build.0 = Debug|Any CPU
		{10720178-EE47-4976-BA15-D2A9EACB4806}.Release|Any CPU.ActiveCfg = Release|Any CPU
		{10720178-EE47-4976-BA15-D2A9EACB4806}.Release|Any CPU.Build.0 = Release|Any CPU
		{0B19385E-AD8D-4C5E-8DB1-215AF5BFFC9D}.Debug|Any CPU.ActiveCfg = Debug|Any CPU
		{0B19385E-AD8D-4C5E-8DB1-215AF5BFFC9D}.Debug|Any CPU.Build.0 = Debug|Any CPU
		{0B19385E-AD8D-4C5E-8DB1-215AF5BFFC9D}.Release|Any CPU.ActiveCfg = Release|Any CPU
		{0B19385E-AD8D-4C5E-8DB1-215AF5BFFC9D}.Release|Any CPU.Build.0 = Release|Any CPU
	EndGlobalSection
	GlobalSection(NestedProjects) = preSolution
		{10720178-EE47-4976-BA15-D2A9EACB4806} = {17FE99FB-44B2-4227-ABBF-8FB5A6E0C0C5}
		{0B19385E-AD8D-4C5E-8DB1-215AF5BFFC9D} = {17FE99FB-44B2-4227-ABBF-8FB5A6E0C0C5}
	EndGlobalSection
EndGlobal
